
Microsoft Visual Studio Solution File, Format Version 12.00
# Visual Studio 14
VisualStudioVersion = 14.0.25420.1
MinimumVisualStudioVersion = 10.0.40219.1
Project("{FAE04EC0-301F-11D3-BF4B-00C04F79EFBC}") = "tamagotchi.ui", "..\..\..\..\..\EHB 2016-2017\OO Advanced C#.net\Oefeningen\Archive-1\we3.tamagotchi\we3.tamagotchi\tamagotchi.ui.csproj", "{46E8074A-3FE9-4A4A-A8E3-4BEDF356D1A2}"
EndProject
Project("{FAE04EC0-301F-11D3-BF4B-00C04F79EFBC}") = "tamagotchi.logic", "..\..\..\..\..\EHB 2016-2017\OO Advanced C#.net\Oefeningen\Archive-1\we3.tamagotchi\we3.tamagotchi.logic\tamagotchi.logic.csproj", "{BAA1494D-2109-4309-9536-06748A6AE787}"
EndProject
Global
	GlobalSection(SolutionConfigurationPlatforms) = preSolution
		Debug|Any CPU = Debug|Any CPU
		Release|Any CPU = Release|Any CPU
	EndGlobalSection
	GlobalSection(ProjectConfigurationPlatforms) = postSolution
		{46E8074A-3FE9-4A4A-A8E3-4BEDF356D1A2}.Debug|Any CPU.ActiveCfg = Debug|Any CPU
		{46E8074A-3FE9-4A4A-A8E3-4BEDF356D1A2}.Debug|Any CPU.Build.0 = Debug|Any CPU
		{46E8074A-3FE9-4A4A-A8E3-4BEDF356D1A2}.Release|Any CPU.ActiveCfg = Release|Any CPU
		{46E8074A-3FE9-4A4A-A8E3-4BEDF356D1A2}.Release|Any CPU.Build.0 = Release|Any CPU
		{BAA1494D-2109-4309-9536-06748A6AE787}.Debug|Any CPU.ActiveCfg = Debug|Any CPU
		{BAA1494D-2109-4309-9536-06748A6AE787}.Debug|Any CPU.Build.0 = Debug|Any CPU
		{BAA1494D-2109-4309-9536-06748A6AE787}.Release|Any CPU.ActiveCfg = Release|Any CPU
		{BAA1494D-2109-4309-9536-06748A6AE787}.Release|Any CPU.Build.0 = Release|Any CPU
	EndGlobalSection
	GlobalSection(SolutionProperties) = preSolution
		HideSolutionNode = FALSE
	EndGlobalSection
	GlobalSection(TeamFoundationVersionControl) = preSolution
		SccNumberOfProjects = 1
		SccEnterpriseProvider = {4CA58AB2-18FA-4F8D-95D4-32DDF27D184C}
		SccTeamFoundationServer = https://dttfs.ehb.be/tfs/csharp2017
		SccLocalPath0 = .
	EndGlobalSection
EndGlobal
